Microsoft Visual Studio Solution File, Format Version 11.00
# Visual Studio 2008

Project("{EF70A654-6536-CCD8-3547-9F6CDDC0188E}") = "rgb", "Assembly-CSharp-firstpass.csproj", "{CAD4942C-7EC1-0EC7-145C-42225E00369D}"
EndProject
Project("{EF70A654-6536-CCD8-3547-9F6CDDC0188E}") = "rgb", "Assembly-CSharp.csproj", "{6C6F64DB-BE26-D6BD-A825-D9D029E8F75E}"
EndProject
Project("{EF70A654-6536-CCD8-3547-9F6CDDC0188E}") = "rgb", "Assembly-CSharp-Editor.csproj", "{C8C28DFC-90F4-94DC-6F37-5B7A5CE5BDAB}"
EndProject
Project("{EF70A654-6536-CCD8-3547-9F6CDDC0188E}") = "rgb", "Assembly-UnityScript.unityproj", "{7171FCAE-6988-9332-775A-94C6B7293610}"
EndProject
Global
	GlobalSection(SolutionConfigurationPlatforms) = preSolution
		Debug|Any CPU = Debug|Any CPU
		Release|Any CPU = Release|Any CPU
	EndGlobalSection
	GlobalSection(ProjectConfigurationPlatforms) = postSolution
		{CAD4942C-7EC1-0EC7-145C-42225E00369D}.Debug|Any CPU.ActiveCfg = Debug|Any CPU
		{CAD4942C-7EC1-0EC7-145C-42225E00369D}.Debug|Any CPU.Build.0 = Debug|Any CPU
		{CAD4942C-7EC1-0EC7-145C-42225E00369D}.Release|Any CPU.ActiveCfg = Release|Any CPU
		{CAD4942C-7EC1-0EC7-145C-42225E00369D}.Release|Any CPU.Build.0 = Release|Any CPU
		{6C6F64DB-BE26-D6BD-A825-D9D029E8F75E}.Debug|Any CPU.ActiveCfg = Debug|Any CPU
		{6C6F64DB-BE26-D6BD-A825-D9D029E8F75E}.Debug|Any CPU.Build.0 = Debug|Any CPU
		{6C6F64DB-BE26-D6BD-A825-D9D029E8F75E}.Release|Any CPU.ActiveCfg = Release|Any CPU
		{6C6F64DB-BE26-D6BD-A825-D9D029E8F75E}.Release|Any CPU.Build.0 = Release|Any CPU
		{C8C28DFC-90F4-94DC-6F37-5B7A5CE5BDAB}.Debug|Any CPU.ActiveCfg = Debug|Any CPU
		{C8C28DFC-90F4-94DC-6F37-5B7A5CE5BDAB}.Debug|Any CPU.Build.0 = Debug|Any CPU
		{C8C28DFC-90F4-94DC-6F37-5B7A5CE5BDAB}.Release|Any CPU.ActiveCfg = Release|Any CPU
		{C8C28DFC-90F4-94DC-6F37-5B7A5CE5BDAB}.Release|Any CPU.Build.0 = Release|Any CPU
		{7171FCAE-6988-9332-775A-94C6B7293610}.Debug|Any CPU.ActiveCfg = Debug|Any CPU
		{7171FCAE-6988-9332-775A-94C6B7293610}.Debug|Any CPU.Build.0 = Debug|Any CPU
		{7171FCAE-6988-9332-775A-94C6B7293610}.Release|Any CPU.ActiveCfg = Release|Any CPU
		{7171FCAE-6988-9332-775A-94C6B7293610}.Release|Any CPU.Build.0 = Release|Any CPU
	EndGlobalSection
	GlobalSection(SolutionProperties) = preSolution
		HideSolutionNode = FALSE
	EndGlobalSection
																																																																																																																																							GlobalSection(MonoDevelopProperties) = preSolution
=======
																																																																																																																																												GlobalSection(MonoDevelopProperties) = preSolution
>>>>>>> 95ef5a3c485d89ca1f6a45a951071998ff0b127e
		StartupItem = Assembly-CSharp.csproj
		Policies = $0
		$0.TextStylePolicy = $1
		$1.inheritsSet = null
		$1.scope = text/x-csharp
		$0.CSharpFormattingPolicy = $2
		$2.inheritsSet = Mono
		$2.inheritsScope = text/x-csharp
		$2.scope = text/x-csharp
		$0.TextStylePolicy = $3
		$3.FileWidth = 120
		$3.TabWidth = 4
		$3.EolMarker = Unix
		$3.inheritsSet = Mono
		$3.inheritsScope = text/plain
		$3.scope = text/plain
	EndGlobalSection

EndGlobal
